
Microsoft Visual Studio Solution File, Format Version 12.00
# Visual Studio Version 17
VisualStudioVersion = 17.4.33103.184
MinimumVisualStudioVersion = 10.0.40219.1
Project("{9A19103F-16F7-4668-BE54-9A1E7A4F7556}") = "HomeAutio.Mqtt.GoogleHome", "HomeAutio.Mqtt.GoogleHome\HomeAutio.Mqtt.GoogleHome.csproj", "{46942B48-EBD7-4097-8748-88BF227663B9}"
EndProject
Project("{9A19103F-16F7-4668-BE54-9A1E7A4F7556}") = "HomeAutio.Mqtt.GoogleHome.Tests", "HomeAutio.Mqtt.GoogleHome.Tests\HomeAutio.Mqtt.GoogleHome.Tests.csproj", "{B22843FC-5CD2-4ADB-99D4-7D5B08185B5C}"
EndProject
Project("{2150E333-8FDC-42A3-9474-1A3956D46DE8}") = "tools", "tools", "{939A4CF5-459B-413D-9787-C9EF41499941}"
	ProjectSection(SolutionItems) = preProject
		generateDeviceFiles.ps1 = generateDeviceFiles.ps1
		getmaster.ps1 = getmaster.ps1
		getmaster.sh = getmaster.sh
	EndProjectSection
EndProject
Project("{FAE04EC0-301F-11D3-BF4B-00C04F79EFBC}") = "IdentityServerHost.Quickstart.UI", "IdentityServerHost.Quickstart.UI\IdentityServerHost.Quickstart.UI.csproj", "{413AC0AE-656B-4830-801B-647E0AC5D8FD}"
EndProject
Global
	GlobalSection(SolutionConfigurationPlatforms) = preSolution
		Debug|Any CPU = Debug|Any CPU
		Release|Any CPU = Release|Any CPU
	EndGlobalSection
	GlobalSection(ProjectConfigurationPlatforms) = postSolution
		{46942B48-EBD7-4097-8748-88BF227663B9}.Debug|Any CPU.ActiveCfg = Debug|Any CPU
		{46942B48-EBD7-4097-8748-88BF227663B9}.Debug|Any CPU.Build.0 = Debug|Any CPU
		{46942B48-EBD7-4097-8748-88BF227663B9}.Release|Any CPU.ActiveCfg = Release|Any CPU
		{46942B48-EBD7-4097-8748-88BF227663B9}.Release|Any CPU.Build.0 = Release|Any CPU
		{B22843FC-5CD2-4ADB-99D4-7D5B08185B5C}.Debug|Any CPU.ActiveCfg = Debug|Any CPU
		{B22843FC-5CD2-4ADB-99D4-7D5B08185B5C}.Debug|Any CPU.Build.0 = Debug|Any CPU
		{B22843FC-5CD2-4ADB-99D4-7D5B08185B5C}.Release|Any CPU.ActiveCfg = Release|Any CPU
		{B22843FC-5CD2-4ADB-99D4-7D5B08185B5C}.Release|Any CPU.Build.0 = Release|Any CPU
		{413AC0AE-656B-4830-801B-647E0AC5D8FD}.Debug|Any CPU.ActiveCfg = Debug|Any CPU
		{413AC0AE-656B-4830-801B-647E0AC5D8FD}.Debug|Any CPU.Build.0 = Debug|Any CPU
		{413AC0AE-656B-4830-801B-647E0AC5D8FD}.Release|Any CPU.ActiveCfg = Release|Any CPU
		{413AC0AE-656B-4830-801B-647E0AC5D8FD}.Release|Any CPU.Build.0 = Release|Any CPU
	EndGlobalSection
	GlobalSection(SolutionProperties) = preSolution
		HideSolutionNode = FALSE
	EndGlobalSection
	GlobalSection(ExtensibilityGlobals) = postSolution
		SolutionGuid = {40495F84-ABE7-45D0-AE34-F43DB4868B51}
	EndGlobalSection
EndGlobal
